
Microsoft Visual Studio Solution File, Format Version 12.00
# Visual Studio Version 17
VisualStudioVersion = 17.0.31903.59
MinimumVisualStudioVersion = 10.0.40219.1
Project("{FAE04EC0-301F-11D3-BF4B-00C04F79EFBC}") = "RoommateManager.Web", "RoommateManager.Web\RoommateManager.Web.csproj", "{3647C92A-4FC5-4051-AAF8-066D15FA5759}"
EndProject
Project("{2150E333-8FDC-42A3-9474-1A3956D46DE8}") = "src", "src", "{F16432C1-1FB8-4620-A7DA-C82B85B84CD8}"
EndProject
Project("{FAE04EC0-301F-11D3-BF4B-00C04F79EFBC}") = "RoommateManager.Module", "src\RoommateManager.Module\RoommateManager.Module.csproj", "{FE113570-093F-47BC-A16C-F577BAE849A7}"
EndProject
Global
	GlobalSection(SolutionConfigurationPlatforms) = preSolution
		Debug|Any CPU = Debug|Any CPU
		Release|Any CPU = Release|Any CPU
	EndGlobalSection
	GlobalSection(SolutionProperties) = preSolution
		HideSolutionNode = FALSE
	EndGlobalSection
	GlobalSection(ProjectConfigurationPlatforms) = postSolution
		{3647C92A-4FC5-4051-AAF8-066D15FA5759}.Debug|Any CPU.ActiveCfg = Debug|Any CPU
		{3647C92A-4FC5-4051-AAF8-066D15FA5759}.Debug|Any CPU.Build.0 = Debug|Any CPU
		{3647C92A-4FC5-4051-AAF8-066D15FA5759}.Release|Any CPU.ActiveCfg = Release|Any CPU
		{3647C92A-4FC5-4051-AAF8-066D15FA5759}.Release|Any CPU.Build.0 = Release|Any CPU
		{FE113570-093F-47BC-A16C-F577BAE849A7}.Debug|Any CPU.ActiveCfg = Debug|Any CPU
		{FE113570-093F-47BC-A16C-F577BAE849A7}.Debug|Any CPU.Build.0 = Debug|Any CPU
		{FE113570-093F-47BC-A16C-F577BAE849A7}.Release|Any CPU.ActiveCfg = Release|Any CPU
		{FE113570-093F-47BC-A16C-F577BAE849A7}.Release|Any CPU.Build.0 = Release|Any CPU
	EndGlobalSection
	GlobalSection(NestedProjects) = preSolution
		{FE113570-093F-47BC-A16C-F577BAE849A7} = {F16432C1-1FB8-4620-A7DA-C82B85B84CD8}
	EndGlobalSection
EndGlobal
